<?xml version="1.0" encoding="utf-8"?>
<Project ToolsVersion="4.0" xmlns="http://schemas.microsoft.com/developer/msbuild/2003">
  <ItemGroup>
    <Filter Include="Application">
      <UniqueIdentifier>{7115ecdb-9b09-4c9c-a33a-aafe5424164c}</UniqueIdentifier>
    </Filter>
    <Filter Include="Data">
      <UniqueIdentifier>{abd86f12-084d-4164-ac91-d3d5a787a014}</UniqueIdentifier>
    </Filter>
    <Filter Include="Services">
      <UniqueIdentifier>{3d770224-bccf-4cc2-8122-ba11b2f8ee4a}</UniqueIdentifier>
    </Filter>
  </ItemGroup>
  <ItemGroup>
    <ClCompile Include="Chat.cpp">
      <Filter>Data</Filter>
    </ClCompile>
    <ClCompile Include="Image.cpp">
      <Filter>Data</Filter>
    </ClCompile>
    <ClCompile Include="Message.cpp">
      <Filter>Data</Filter>
    </ClCompile>
    <ClCompile Include="Text.cpp">
      <Filter>Data</Filter>
    </ClCompile>
    <ClCompile Include="User.cpp">
      <Filter>Data</Filter>
    </ClCompile>
    <ClCompile Include="Crypto.cpp">
      <Filter>Services</Filter>
    </ClCompile>
    <ClCompile Include="Client.cpp">
      <Filter>Services</Filter>
    </ClCompile>
    <ClCompile Include="Application.cpp">
      <Filter>Application</Filter>
    </ClCompile>
  </ItemGroup>
  <ItemGroup>
    <ClInclude Include="Chat.h">
      <Filter>Data</Filter>
    </ClInclude>
    <ClInclude Include="Image.h">
      <Filter>Data</Filter>
    </ClInclude>
    <ClInclude Include="Message.h">
      <Filter>Data</Filter>
    </ClInclude>
    <ClInclude Include="Text.h">
      <Filter>Data</Filter>
    </ClInclude>
    <ClInclude Include="User.h">
      <Filter>Data</Filter>
    </ClInclude>
    <ClInclude Include="Crypto.h">
      <Filter>Services</Filter>
    </ClInclude>
    <ClInclude Include="Client.h">
      <Filter>Services</Filter>
    </ClInclude>
    <ClInclude Include="Application.h">
      <Filter>Application</Filter>
    </ClInclude>
  </ItemGroup>
</Project>